Microsoft Visual Studio Solution File, Format Version 12.00
Project("{FAE04EC0-301F-11D3-BF4B-00C04F79EFBC}") = "Shopping.API", "Shopping.API\Shopping.API.csproj", "{C14FAF1B-B928-44FC-BAD0-EFE3701EC400}"
EndProject
Project("{FAE04EC0-301F-11D3-BF4B-00C04F79EFBC}") = "Shopping.Domain", "Shopping.Domain\Shopping.Domain.csproj", "{4AFE4218-B75C-495A-B2D9-1A4D3179D755}"
EndProject
Project("{FAE04EC0-301F-11D3-BF4B-00C04F79EFBC}") = "Shopping.EntityFrameworkCore", "Shopping.EntityFrameworkCore\Shopping.EntityFrameworkCore.csproj", "{507E08A8-62BE-4309-998F-C35A8AFC059B}"
EndProject
Project("{FAE04EC0-301F-11D3-BF4B-00C04F79EFBC}") = "Shopping.Application", "Shopping.Application\Shopping.Application.csproj", "{06762267-539C-46DC-89C0-96C121626193}"
EndProject
Project("{FAE04EC0-301F-11D3-BF4B-00C04F79EFBC}") = "Shopping.Domain.Shared", "Shopping.Domain.Shared\Shopping.Domain.Shared.csproj", "{79058344-F80E-4A47-83EC-E36F749C5A43}"
EndProject
Project("{2150E333-8FDC-42A3-9474-1A3956D46DE8}") = "Shopping.Tests", "Shopping.Tests", "{26F07769-9E33-4E26-A4C1-C5EFD2109341}"
EndProject
Project("{FAE04EC0-301F-11D3-BF4B-00C04F79EFBC}") = "Shopping.Application.Tests", "Shopping.Application.Tests\Shopping.Application.Tests.csproj", "{361C390D-E9D7-4497-A6BB-D4D6B5638AF8}"
EndProject
Project("{FAE04EC0-301F-11D3-BF4B-00C04F79EFBC}") = "Shopping.EntityFrameworkCore.Tests", "Shopping.EntityFrameworkCore.Tests\Shopping.EntityFrameworkCore.Tests.csproj", "{B88D53C4-A973-4E8F-8B4F-AF2997F60EA7}"
EndProject
Global
	GlobalSection(SolutionConfigurationPlatforms) = preSolution
		Debug|Any CPU = Debug|Any CPU
		Release|Any CPU = Release|Any CPU
	EndGlobalSection
	GlobalSection(ProjectConfigurationPlatforms) = postSolution
		{C14FAF1B-B928-44FC-BAD0-EFE3701EC400}.Debug|Any CPU.ActiveCfg = Debug|Any CPU
		{C14FAF1B-B928-44FC-BAD0-EFE3701EC400}.Debug|Any CPU.Build.0 = Debug|Any CPU
		{C14FAF1B-B928-44FC-BAD0-EFE3701EC400}.Release|Any CPU.ActiveCfg = Release|Any CPU
		{C14FAF1B-B928-44FC-BAD0-EFE3701EC400}.Release|Any CPU.Build.0 = Release|Any CPU
		{4AFE4218-B75C-495A-B2D9-1A4D3179D755}.Debug|Any CPU.ActiveCfg = Debug|Any CPU
		{4AFE4218-B75C-495A-B2D9-1A4D3179D755}.Debug|Any CPU.Build.0 = Debug|Any CPU
		{4AFE4218-B75C-495A-B2D9-1A4D3179D755}.Release|Any CPU.ActiveCfg = Release|Any CPU
		{4AFE4218-B75C-495A-B2D9-1A4D3179D755}.Release|Any CPU.Build.0 = Release|Any CPU
		{507E08A8-62BE-4309-998F-C35A8AFC059B}.Debug|Any CPU.ActiveCfg = Debug|Any CPU
		{507E08A8-62BE-4309-998F-C35A8AFC059B}.Debug|Any CPU.Build.0 = Debug|Any CPU
		{507E08A8-62BE-4309-998F-C35A8AFC059B}.Release|Any CPU.ActiveCfg = Release|Any CPU
		{507E08A8-62BE-4309-998F-C35A8AFC059B}.Release|Any CPU.Build.0 = Release|Any CPU
		{06762267-539C-46DC-89C0-96C121626193}.Debug|Any CPU.ActiveCfg = Debug|Any CPU
		{06762267-539C-46DC-89C0-96C121626193}.Debug|Any CPU.Build.0 = Debug|Any CPU
		{06762267-539C-46DC-89C0-96C121626193}.Release|Any CPU.ActiveCfg = Release|Any CPU
		{06762267-539C-46DC-89C0-96C121626193}.Release|Any CPU.Build.0 = Release|Any CPU
		{79058344-F80E-4A47-83EC-E36F749C5A43}.Debug|Any CPU.ActiveCfg = Debug|Any CPU
		{79058344-F80E-4A47-83EC-E36F749C5A43}.Debug|Any CPU.Build.0 = Debug|Any CPU
		{79058344-F80E-4A47-83EC-E36F749C5A43}.Release|Any CPU.ActiveCfg = Release|Any CPU
		{79058344-F80E-4A47-83EC-E36F749C5A43}.Release|Any CPU.Build.0 = Release|Any CPU
		{361C390D-E9D7-4497-A6BB-D4D6B5638AF8}.Debug|Any CPU.ActiveCfg = Debug|Any CPU
		{361C390D-E9D7-4497-A6BB-D4D6B5638AF8}.Debug|Any CPU.Build.0 = Debug|Any CPU
		{361C390D-E9D7-4497-A6BB-D4D6B5638AF8}.Release|Any CPU.ActiveCfg = Release|Any CPU
		{361C390D-E9D7-4497-A6BB-D4D6B5638AF8}.Release|Any CPU.Build.0 = Release|Any CPU
		{B88D53C4-A973-4E8F-8B4F-AF2997F60EA7}.Debug|Any CPU.ActiveCfg = Debug|Any CPU
		{B88D53C4-A973-4E8F-8B4F-AF2997F60EA7}.Debug|Any CPU.Build.0 = Debug|Any CPU
		{B88D53C4-A973-4E8F-8B4F-AF2997F60EA7}.Release|Any CPU.ActiveCfg = Release|Any CPU
		{B88D53C4-A973-4E8F-8B4F-AF2997F60EA7}.Release|Any CPU.Build.0 = Release|Any CPU
	EndGlobalSection
	GlobalSection(NestedProjects) = preSolution
		{361C390D-E9D7-4497-A6BB-D4D6B5638AF8} = {26F07769-9E33-4E26-A4C1-C5EFD2109341}
		{B88D53C4-A973-4E8F-8B4F-AF2997F60EA7} = {26F07769-9E33-4E26-A4C1-C5EFD2109341}
	EndGlobalSection
EndGlobal
