Microsoft Visual Studio Solution File, Format Version 12.00
Project("{FAE04EC0-301F-11D3-BF4B-00C04F79EFBC}") = "Shopping.API", "Shopping.API\Shopping.API.csproj", "{C14FAF1B-B928-44FC-BAD0-EFE3701EC400}"
EndProject
Project("{FAE04EC0-301F-11D3-BF4B-00C04F79EFBC}") = "Shopping.Domain", "Shopping.Domain\Shopping.Domain.csproj", "{4AFE4218-B75C-495A-B2D9-1A4D3179D755}"
EndProject
Project("{FAE04EC0-301F-11D3-BF4B-00C04F79EFBC}") = "Shopping.EntityFrameworkCore", "Shopping.EntityFrameworkCore\Shopping.EntityFrameworkCore.csproj", "{507E08A8-62BE-4309-998F-C35A8AFC059B}"
EndProject
Project("{FAE04EC0-301F-11D3-BF4B-00C04F79EFBC}") = "Shopping.Application", "Shopping.Application\Shopping.Application.csproj", "{06762267-539C-46DC-89C0-96C121626193}"
EndProject
Project("{FAE04EC0-301F-11D3-BF4B-00C04F79EFBC}") = "Shopping.Domain.Shared", "Shopping.Domain.Shared\Shopping.Domain.Shared.csproj", "{79058344-F80E-4A47-83EC-E36F749C5A43}"
EndProject
Global
	GlobalSection(SolutionConfigurationPlatforms) = preSolution
		Debug|Any CPU = Debug|Any CPU
		Release|Any CPU = Release|Any CPU
	EndGlobalSection
	GlobalSection(ProjectConfigurationPlatforms) = postSolution
		{C14FAF1B-B928-44FC-BAD0-EFE3701EC400}.Debug|Any CPU.ActiveCfg = Debug|Any CPU
		{C14FAF1B-B928-44FC-BAD0-EFE3701EC400}.Debug|Any CPU.Build.0 = Debug|Any CPU
		{C14FAF1B-B928-44FC-BAD0-EFE3701EC400}.Release|Any CPU.ActiveCfg = Release|Any CPU
		{C14FAF1B-B928-44FC-BAD0-EFE3701EC400}.Release|Any CPU.Build.0 = Release|Any CPU
		{4AFE4218-B75C-495A-B2D9-1A4D3179D755}.Debug|Any CPU.ActiveCfg = Debug|Any CPU
		{4AFE4218-B75C-495A-B2D9-1A4D3179D755}.Debug|Any CPU.Build.0 = Debug|Any CPU
		{4AFE4218-B75C-495A-B2D9-1A4D3179D755}.Release|Any CPU.ActiveCfg = Release|Any CPU
		{4AFE4218-B75C-495A-B2D9-1A4D3179D755}.Release|Any CPU.Build.0 = Release|Any CPU
		{507E08A8-62BE-4309-998F-C35A8AFC059B}.Debug|Any CPU.ActiveCfg = Debug|Any CPU
		{507E08A8-62BE-4309-998F-C35A8AFC059B}.Debug|Any CPU.Build.0 = Debug|Any CPU
		{507E08A8-62BE-4309-998F-C35A8AFC059B}.Release|Any CPU.ActiveCfg = Release|Any CPU
		{507E08A8-62BE-4309-998F-C35A8AFC059B}.Release|Any CPU.Build.0 = Release|Any CPU
		{06762267-539C-46DC-89C0-96C121626193}.Debug|Any CPU.ActiveCfg = Debug|Any CPU
		{06762267-539C-46DC-89C0-96C121626193}.Debug|Any CPU.Build.0 = Debug|Any CPU
		{06762267-539C-46DC-89C0-96C121626193}.Release|Any CPU.ActiveCfg = Release|Any CPU
		{06762267-539C-46DC-89C0-96C121626193}.Release|Any CPU.Build.0 = Release|Any CPU
		{79058344-F80E-4A47-83EC-E36F749C5A43}.Debug|Any CPU.ActiveCfg = Debug|Any CPU
		{79058344-F80E-4A47-83EC-E36F749C5A43}.Debug|Any CPU.Build.0 = Debug|Any CPU
		{79058344-F80E-4A47-83EC-E36F749C5A43}.Release|Any CPU.ActiveCfg = Release|Any CPU
		{79058344-F80E-4A47-83EC-E36F749C5A43}.Release|Any CPU.Build.0 = Release|Any CPU
	EndGlobalSection
EndGlobal
